
Microsoft Visual Studio Solution File, Format Version 12.00
# Visual Studio Version 17
VisualStudioVersion = 17.5.33530.505
MinimumVisualStudioVersion = 10.0.40219.1
Project("{FAE04EC0-301F-11D3-BF4B-00C04F79EFBC}") = "DatatypePrac", "DatatypePrac\DatatypePrac.csproj", "{328698B5-DF6E-46CB-9135-AAAAD5132E87}"
EndProject
Global
	GlobalSection(SolutionConfigurationPlatforms) = preSolution
		Debug|Any CPU = Debug|Any CPU
		Release|Any CPU = Release|Any CPU
	EndGlobalSection
	GlobalSection(ProjectConfigurationPlatforms) = postSolution
		{328698B5-DF6E-46CB-9135-AAAAD5132E87}.Debug|Any CPU.ActiveCfg = Debug|Any CPU
		{328698B5-DF6E-46CB-9135-AAAAD5132E87}.Debug|Any CPU.Build.0 = Debug|Any CPU
		{328698B5-DF6E-46CB-9135-AAAAD5132E87}.Release|Any CPU.ActiveCfg = Release|Any CPU
		{328698B5-DF6E-46CB-9135-AAAAD5132E87}.Release|Any CPU.Build.0 = Release|Any CPU
	EndGlobalSection
	GlobalSection(SolutionProperties) = preSolution
		HideSolutionNode = FALSE
	EndGlobalSection
	GlobalSection(ExtensibilityGlobals) = postSolution
		SolutionGuid = {628E368A-93F3-472D-AB0B-6CC9E1FF2BBE}
	EndGlobalSection
EndGlobal
